{
  "version": 2,
  "profile": {
    "path": "ai-profile.yaml",
    "schemaVersion": 1,
    "sha256": "533fa5752450835c7b7136f3522aab1333d448f1d9ab2b3ce4511b4883d81db6"
  },
  "compiler": {
    "name": "agent-profile",
    "version": "0.1.0"
  },
  "templates": [
    {
      "id": "targets/claude-subagents/change-risk-reviewer-reference@1",
      "target": "claude-subagents",
      "version": "1",
      "sha256": "ca81bc8568d89314a67bf1155b867ad9ac6684206d6c009bd93532f36cb4d7df"
    },
    {
      "id": "targets/claude-subagents/change-risk-reviewer@1",
      "target": "claude-subagents",
      "version": "1",
      "sha256": "fb5e9848cd09cdea92262631ae019d6c78fa51041a1e71aeb33df8b4cc8d6f7b"
    },
    {
      "id": "targets/claude-subagents/code-quality-reviewer@1",
      "target": "claude-subagents",
      "version": "1",
      "sha256": "0b54a95f8d92f7623461cdb1f45579b8dd1956b958daa612d30da0f2eed4700b"
    },
    {
      "id": "targets/claude-subagents/implementer@1",
      "target": "claude-subagents",
      "version": "1",
      "sha256": "42d995ad73b5629b27fff0d50ff735e484e5278ce3a57027a7653a171e1cb3cb"
    },
    {
      "id": "targets/claude-subagents/spec-reviewer@1",
      "target": "claude-subagents",
      "version": "1",
      "sha256": "9361040d080b5dd1d6a143718bd61987a3b0b12f8e682ba8d70b793a5c83e3c1"
    }
  ],
  "outputs": [
    {
      "path": ".claude/agents/change-risk-reviewer.md",
      "target": "claude-subagents",
      "templateId": "targets/claude-subagents/change-risk-reviewer@1",
      "ownership": "generated-owned",
      "sha256": "fb5e9848cd09cdea92262631ae019d6c78fa51041a1e71aeb33df8b4cc8d6f7b"
    },
    {
      "path": ".claude/agents/code-quality-reviewer.md",
      "target": "claude-subagents",
      "templateId": "targets/claude-subagents/code-quality-reviewer@1",
      "ownership": "generated-owned",
      "sha256": "0b54a95f8d92f7623461cdb1f45579b8dd1956b958daa612d30da0f2eed4700b"
    },
    {
      "path": ".claude/agents/implementer.md",
      "target": "claude-subagents",
      "templateId": "targets/claude-subagents/implementer@1",
      "ownership": "generated-owned",
      "sha256": "42d995ad73b5629b27fff0d50ff735e484e5278ce3a57027a7653a171e1cb3cb"
    },
    {
      "path": ".claude/agents/spec-reviewer.md",
      "target": "claude-subagents",
      "templateId": "targets/claude-subagents/spec-reviewer@1",
      "ownership": "generated-owned",
      "sha256": "9361040d080b5dd1d6a143718bd61987a3b0b12f8e682ba8d70b793a5c83e3c1"
    },
    {
      "path": ".claude/references/change-risk-reviewer.md",
      "target": "claude-subagents",
      "templateId": "targets/claude-subagents/change-risk-reviewer-reference@1",
      "ownership": "generated-owned",
      "sha256": "ca81bc8568d89314a67bf1155b867ad9ac6684206d6c009bd93532f36cb4d7df"
    }
  ]
}
