{
  "version": 2,
  "profile": {
    "path": "ai-profile.yaml",
    "schemaVersion": 1,
    "sha256": "c3a6dadc8dc86d0747432a9eeec1eefe75acd4d104568271ba5a0f7e09ef519e"
  },
  "compiler": {
    "name": "agent-profile",
    "version": "0.1.0"
  },
  "templates": [
    {
      "id": "targets/agents-md@1",
      "target": "agents-md",
      "version": "1",
      "sha256": "c52d14fb8b0885e360bb254002aeb236c48b8d6845125e2c95a967ddeff08d0a"
    },
    {
      "id": "targets/claude-mcp@1",
      "target": "claude-mcp",
      "version": "1",
      "sha256": "d8e397af03b5b032f21d0aa967086f0c78b33c87b76f2e9898ae0a144df7de02"
    },
    {
      "id": "targets/claude-md@1",
      "target": "claude-md",
      "version": "1",
      "sha256": "d504d42408f60436884ed08a55865c43aa0185274ad08e84c306c024ac80a969"
    },
    {
      "id": "targets/claude-settings@1",
      "target": "claude-settings",
      "version": "1",
      "sha256": "5d4ef8e2885f29959de09a6764e6b28af594d976f3251bfd99371fe0ecdb100d"
    },
    {
      "id": "targets/claude-subagents/code-quality-reviewer@1",
      "target": "claude-subagents",
      "version": "1",
      "sha256": "60d82f3e80b6963b4bfea423f1394a05872f7f105eb102a32aced0ca6c5253a5"
    },
    {
      "id": "targets/claude-subagents/implementer@1",
      "target": "claude-subagents",
      "version": "1",
      "sha256": "42142a3518a7bb92bb8204446847609cd770213374797a40c9c2f5a665b13651"
    },
    {
      "id": "targets/claude-subagents/spec-reviewer@1",
      "target": "claude-subagents",
      "version": "1",
      "sha256": "39d6fe498ec20d516c90cc94a51ccb644a3404b8847881ab5eb63f7c7944731c"
    },
    {
      "id": "targets/claude-workflow-skills/final-review@1",
      "target": "claude-workflow-skills",
      "version": "1",
      "sha256": "1096fe236c623cae5c6b4bb473198815f129cc4524850705d3a1740ce03c3a58"
    },
    {
      "id": "targets/claude-workflow-skills/grill-change@1",
      "target": "claude-workflow-skills",
      "version": "1",
      "sha256": "b874763eefaba6312531413551abb7057c05a9f4f1a43e8c9d4fe61497864f5f"
    },
    {
      "id": "targets/claude-workflow-skills/request-to-spec-issues@1",
      "target": "claude-workflow-skills",
      "version": "1",
      "sha256": "a053d3cb4cec764673660b8cc1d77f4f6030f547eef0f0ee9de1a0ad0c897672"
    },
    {
      "id": "targets/claude-workflow-skills/sdd-change@1",
      "target": "claude-workflow-skills",
      "version": "1",
      "sha256": "467a3b6dc751857690d8a0bad6270b15178139cf6d43de2b3d9c42daf6fcd84f"
    },
    {
      "id": "targets/claude-workflow-skills/subagent-driven-change@1",
      "target": "claude-workflow-skills",
      "version": "1",
      "sha256": "46464260fd55da468417635fe848fa593a69b2642a5fa8bb4f9b8853812d8418"
    },
    {
      "id": "targets/claude-workflow-skills/tdd-change@2",
      "target": "claude-workflow-skills",
      "version": "1",
      "sha256": "a42dbafdfe8e24a29ed67d5c8d9204bcf9aab4708d4d87a23ea2007201e8eae5"
    },
    {
      "id": "targets/codex-config@1",
      "target": "codex-config",
      "version": "1",
      "sha256": "bc56f102dbd5552e5932703e7dd722c70ca8f6435d82302fc9f7139e0168361a"
    },
    {
      "id": "targets/codex-subagents/code-quality-reviewer@1",
      "target": "codex-subagents",
      "version": "1",
      "sha256": "3cd1fa28adae5dd2a14eebac299fca00241fedb8491624911a26ed8ce50ce878"
    },
    {
      "id": "targets/codex-subagents/implementer@1",
      "target": "codex-subagents",
      "version": "1",
      "sha256": "7fc2376e44af017fa291cfd6317de7bc37c511b5d68569cb419011ac166e1719"
    },
    {
      "id": "targets/codex-subagents/spec-reviewer@1",
      "target": "codex-subagents",
      "version": "1",
      "sha256": "7cdd50e9536763586b70e245ffcfd7f6992975c3b8cc151461327d8d78d0ec5e"
    },
    {
      "id": "targets/codex-workflow-skills/final-review@1",
      "target": "codex-workflow-skills",
      "version": "1",
      "sha256": "1096fe236c623cae5c6b4bb473198815f129cc4524850705d3a1740ce03c3a58"
    },
    {
      "id": "targets/codex-workflow-skills/grill-change@1",
      "target": "codex-workflow-skills",
      "version": "1",
      "sha256": "b874763eefaba6312531413551abb7057c05a9f4f1a43e8c9d4fe61497864f5f"
    },
    {
      "id": "targets/codex-workflow-skills/request-to-spec-issues@1",
      "target": "codex-workflow-skills",
      "version": "1",
      "sha256": "a053d3cb4cec764673660b8cc1d77f4f6030f547eef0f0ee9de1a0ad0c897672"
    },
    {
      "id": "targets/codex-workflow-skills/sdd-change@1",
      "target": "codex-workflow-skills",
      "version": "1",
      "sha256": "467a3b6dc751857690d8a0bad6270b15178139cf6d43de2b3d9c42daf6fcd84f"
    },
    {
      "id": "targets/codex-workflow-skills/subagent-driven-change@1",
      "target": "codex-workflow-skills",
      "version": "1",
      "sha256": "46464260fd55da468417635fe848fa593a69b2642a5fa8bb4f9b8853812d8418"
    },
    {
      "id": "targets/codex-workflow-skills/tdd-change@2",
      "target": "codex-workflow-skills",
      "version": "1",
      "sha256": "a42dbafdfe8e24a29ed67d5c8d9204bcf9aab4708d4d87a23ea2007201e8eae5"
    }
  ],
  "outputs": [
    {
      "path": ".agents/skills/final-review/SKILL.md",
      "target": "codex-workflow-skills",
      "templateId": "targets/codex-workflow-skills/final-review@1",
      "ownership": "generated-owned",
      "sha256": "1096fe236c623cae5c6b4bb473198815f129cc4524850705d3a1740ce03c3a58"
    },
    {
      "path": ".agents/skills/grill-change/SKILL.md",
      "target": "codex-workflow-skills",
      "templateId": "targets/codex-workflow-skills/grill-change@1",
      "ownership": "generated-owned",
      "sha256": "b874763eefaba6312531413551abb7057c05a9f4f1a43e8c9d4fe61497864f5f"
    },
    {
      "path": ".agents/skills/request-to-spec-issues/SKILL.md",
      "target": "codex-workflow-skills",
      "templateId": "targets/codex-workflow-skills/request-to-spec-issues@1",
      "ownership": "generated-owned",
      "sha256": "a053d3cb4cec764673660b8cc1d77f4f6030f547eef0f0ee9de1a0ad0c897672"
    },
    {
      "path": ".agents/skills/sdd-change/SKILL.md",
      "target": "codex-workflow-skills",
      "templateId": "targets/codex-workflow-skills/sdd-change@1",
      "ownership": "generated-owned",
      "sha256": "467a3b6dc751857690d8a0bad6270b15178139cf6d43de2b3d9c42daf6fcd84f"
    },
    {
      "path": ".agents/skills/subagent-driven-change/SKILL.md",
      "target": "codex-workflow-skills",
      "templateId": "targets/codex-workflow-skills/subagent-driven-change@1",
      "ownership": "generated-owned",
      "sha256": "46464260fd55da468417635fe848fa593a69b2642a5fa8bb4f9b8853812d8418"
    },
    {
      "path": ".agents/skills/tdd-change/SKILL.md",
      "target": "codex-workflow-skills",
      "templateId": "targets/codex-workflow-skills/tdd-change@2",
      "ownership": "generated-owned",
      "sha256": "a42dbafdfe8e24a29ed67d5c8d9204bcf9aab4708d4d87a23ea2007201e8eae5"
    },
    {
      "path": ".claude/agents/code-quality-reviewer.md",
      "target": "claude-subagents",
      "templateId": "targets/claude-subagents/code-quality-reviewer@1",
      "ownership": "generated-owned",
      "sha256": "60d82f3e80b6963b4bfea423f1394a05872f7f105eb102a32aced0ca6c5253a5"
    },
    {
      "path": ".claude/agents/implementer.md",
      "target": "claude-subagents",
      "templateId": "targets/claude-subagents/implementer@1",
      "ownership": "generated-owned",
      "sha256": "42142a3518a7bb92bb8204446847609cd770213374797a40c9c2f5a665b13651"
    },
    {
      "path": ".claude/agents/spec-reviewer.md",
      "target": "claude-subagents",
      "templateId": "targets/claude-subagents/spec-reviewer@1",
      "ownership": "generated-owned",
      "sha256": "39d6fe498ec20d516c90cc94a51ccb644a3404b8847881ab5eb63f7c7944731c"
    },
    {
      "path": ".claude/settings.json",
      "target": "claude-settings",
      "templateId": "targets/claude-settings@1",
      "ownership": "generated-owned",
      "sha256": "5d4ef8e2885f29959de09a6764e6b28af594d976f3251bfd99371fe0ecdb100d"
    },
    {
      "path": ".claude/skills/final-review/SKILL.md",
      "target": "claude-workflow-skills",
      "templateId": "targets/claude-workflow-skills/final-review@1",
      "ownership": "generated-owned",
      "sha256": "1096fe236c623cae5c6b4bb473198815f129cc4524850705d3a1740ce03c3a58"
    },
    {
      "path": ".claude/skills/grill-change/SKILL.md",
      "target": "claude-workflow-skills",
      "templateId": "targets/claude-workflow-skills/grill-change@1",
      "ownership": "generated-owned",
      "sha256": "b874763eefaba6312531413551abb7057c05a9f4f1a43e8c9d4fe61497864f5f"
    },
    {
      "path": ".claude/skills/request-to-spec-issues/SKILL.md",
      "target": "claude-workflow-skills",
      "templateId": "targets/claude-workflow-skills/request-to-spec-issues@1",
      "ownership": "generated-owned",
      "sha256": "a053d3cb4cec764673660b8cc1d77f4f6030f547eef0f0ee9de1a0ad0c897672"
    },
    {
      "path": ".claude/skills/sdd-change/SKILL.md",
      "target": "claude-workflow-skills",
      "templateId": "targets/claude-workflow-skills/sdd-change@1",
      "ownership": "generated-owned",
      "sha256": "467a3b6dc751857690d8a0bad6270b15178139cf6d43de2b3d9c42daf6fcd84f"
    },
    {
      "path": ".claude/skills/subagent-driven-change/SKILL.md",
      "target": "claude-workflow-skills",
      "templateId": "targets/claude-workflow-skills/subagent-driven-change@1",
      "ownership": "generated-owned",
      "sha256": "46464260fd55da468417635fe848fa593a69b2642a5fa8bb4f9b8853812d8418"
    },
    {
      "path": ".claude/skills/tdd-change/SKILL.md",
      "target": "claude-workflow-skills",
      "templateId": "targets/claude-workflow-skills/tdd-change@2",
      "ownership": "generated-owned",
      "sha256": "a42dbafdfe8e24a29ed67d5c8d9204bcf9aab4708d4d87a23ea2007201e8eae5"
    },
    {
      "path": ".codex/agents/code-quality-reviewer.toml",
      "target": "codex-subagents",
      "templateId": "targets/codex-subagents/code-quality-reviewer@1",
      "ownership": "generated-owned",
      "sha256": "3cd1fa28adae5dd2a14eebac299fca00241fedb8491624911a26ed8ce50ce878"
    },
    {
      "path": ".codex/agents/implementer.toml",
      "target": "codex-subagents",
      "templateId": "targets/codex-subagents/implementer@1",
      "ownership": "generated-owned",
      "sha256": "7fc2376e44af017fa291cfd6317de7bc37c511b5d68569cb419011ac166e1719"
    },
    {
      "path": ".codex/agents/spec-reviewer.toml",
      "target": "codex-subagents",
      "templateId": "targets/codex-subagents/spec-reviewer@1",
      "ownership": "generated-owned",
      "sha256": "7cdd50e9536763586b70e245ffcfd7f6992975c3b8cc151461327d8d78d0ec5e"
    },
    {
      "path": ".codex/config.toml",
      "target": "codex-config",
      "templateId": "targets/codex-config@1",
      "ownership": "generated-owned",
      "sha256": "8dc0b7b0bd953c75dc37f165061e3f5369d370540870a5496a53e45b7d77186b"
    },
    {
      "path": ".mcp.json",
      "target": "claude-mcp",
      "templateId": "targets/claude-mcp@1",
      "ownership": "generated-owned",
      "sha256": "d8e397af03b5b032f21d0aa967086f0c78b33c87b76f2e9898ae0a144df7de02"
    },
    {
      "path": "AGENTS.md",
      "target": "agents-md",
      "templateId": "targets/agents-md@1",
      "ownership": "generated-owned",
      "sha256": "3ea73322bcc3b8db67320a0627f00515e552bb55fbd384a0ac588922c36e3761"
    },
    {
      "path": "CLAUDE.md",
      "target": "claude-md",
      "templateId": "targets/claude-md@1",
      "ownership": "generated-owned",
      "sha256": "d504d42408f60436884ed08a55865c43aa0185274ad08e84c306c024ac80a969"
    }
  ]
}
