{
  "version": 1,
  "profile": {
    "path": "ai-profile.yaml",
    "schemaVersion": 1,
    "sha256": "2b3328a668b43848de857bbbcd1b3753a7f0de9edc74e9b96c6d77d864ffd0fa"
  },
  "compiler": {
    "name": "agent-profile",
    "version": "0.1.0"
  },
  "templates": [
    {
      "id": "targets/agents-md/80-documentation@1",
      "target": "agents-md",
      "version": "1",
      "sha256": "932a3b79f04fac8bf015ce6ee1d07447f5fd812ec09814b17a0511e772971121"
    },
    {
      "id": "targets/agents-md@1",
      "target": "agents-md",
      "version": "1",
      "sha256": "c52d14fb8b0885e360bb254002aeb236c48b8d6845125e2c95a967ddeff08d0a"
    },
    {
      "id": "targets/claude-mcp@1",
      "target": "claude-mcp",
      "version": "1",
      "sha256": "d8e397af03b5b032f21d0aa967086f0c78b33c87b76f2e9898ae0a144df7de02"
    },
    {
      "id": "targets/claude-md@1",
      "target": "claude-md",
      "version": "1",
      "sha256": "96ca6e86dedf2ccc2b797f15d66011ce52d791704daf0d711078f4dc7fc3ac8c"
    },
    {
      "id": "targets/claude-settings@1",
      "target": "claude-settings",
      "version": "1",
      "sha256": "5d4ef8e2885f29959de09a6764e6b28af594d976f3251bfd99371fe0ecdb100d"
    },
    {
      "id": "targets/claude-workflow-skills/final-review@1",
      "target": "claude-workflow-skills",
      "version": "1",
      "sha256": "1096fe236c623cae5c6b4bb473198815f129cc4524850705d3a1740ce03c3a58"
    },
    {
      "id": "targets/claude-workflow-skills/sdd-change@1",
      "target": "claude-workflow-skills",
      "version": "1",
      "sha256": "467a3b6dc751857690d8a0bad6270b15178139cf6d43de2b3d9c42daf6fcd84f"
    },
    {
      "id": "targets/claude-workflow-skills/tdd-change@2",
      "target": "claude-workflow-skills",
      "version": "1",
      "sha256": "a42dbafdfe8e24a29ed67d5c8d9204bcf9aab4708d4d87a23ea2007201e8eae5"
    },
    {
      "id": "targets/codex-config@1",
      "target": "codex-config",
      "version": "1",
      "sha256": "bc56f102dbd5552e5932703e7dd722c70ca8f6435d82302fc9f7139e0168361a"
    },
    {
      "id": "targets/codex-workflow-skills/final-review@1",
      "target": "codex-workflow-skills",
      "version": "1",
      "sha256": "1096fe236c623cae5c6b4bb473198815f129cc4524850705d3a1740ce03c3a58"
    },
    {
      "id": "targets/codex-workflow-skills/sdd-change@1",
      "target": "codex-workflow-skills",
      "version": "1",
      "sha256": "467a3b6dc751857690d8a0bad6270b15178139cf6d43de2b3d9c42daf6fcd84f"
    },
    {
      "id": "targets/codex-workflow-skills/tdd-change@2",
      "target": "codex-workflow-skills",
      "version": "1",
      "sha256": "a42dbafdfe8e24a29ed67d5c8d9204bcf9aab4708d4d87a23ea2007201e8eae5"
    },
    {
      "id": "targets/tabnine-guidelines/00-general-agent-behavior@1",
      "target": "tabnine-guidelines",
      "version": "1",
      "sha256": "c1c353d9cc60fc9d244ace2d6be9da2862bb2955767c32b75af2b3eba0c362cf"
    },
    {
      "id": "targets/tabnine-guidelines/10-sdd-workflow@1",
      "target": "tabnine-guidelines",
      "version": "1",
      "sha256": "dba3715255f59b948d91e85c4382e06b377ff5807076f0445fa4af2409462baf"
    },
    {
      "id": "targets/tabnine-guidelines/20-tdd-workflow@1",
      "target": "tabnine-guidelines",
      "version": "1",
      "sha256": "1fc63d3a983d9b9150bdab1c28f5dc68535b1a9d4d5c268c511cf65020444cfb"
    },
    {
      "id": "targets/tabnine-guidelines/80-documentation@1",
      "target": "tabnine-guidelines",
      "version": "1",
      "sha256": "50cacf11898967e32e0415fd05ea565f1eb8f9f9a3796738d9aff14b78879bd6"
    },
    {
      "id": "targets/tabnine-guidelines/90-final-review@1",
      "target": "tabnine-guidelines",
      "version": "1",
      "sha256": "e4e0c30dd9d8c5547aee600157b98ac5a8fa4a396b74990502d008294f543b10"
    },
    {
      "id": "targets/tabnine-mcp-config@1",
      "target": "tabnine-mcp-config",
      "version": "1",
      "sha256": "d8e397af03b5b032f21d0aa967086f0c78b33c87b76f2e9898ae0a144df7de02"
    }
  ],
  "outputs": [
    {
      "path": ".agents/skills/final-review/SKILL.md",
      "target": "codex-workflow-skills",
      "templateId": "targets/codex-workflow-skills/final-review@1",
      "sha256": "1096fe236c623cae5c6b4bb473198815f129cc4524850705d3a1740ce03c3a58"
    },
    {
      "path": ".agents/skills/sdd-change/SKILL.md",
      "target": "codex-workflow-skills",
      "templateId": "targets/codex-workflow-skills/sdd-change@1",
      "sha256": "467a3b6dc751857690d8a0bad6270b15178139cf6d43de2b3d9c42daf6fcd84f"
    },
    {
      "path": ".agents/skills/tdd-change/SKILL.md",
      "target": "codex-workflow-skills",
      "templateId": "targets/codex-workflow-skills/tdd-change@2",
      "sha256": "a42dbafdfe8e24a29ed67d5c8d9204bcf9aab4708d4d87a23ea2007201e8eae5"
    },
    {
      "path": ".claude/settings.json",
      "target": "claude-settings",
      "templateId": "targets/claude-settings@1",
      "sha256": "5d4ef8e2885f29959de09a6764e6b28af594d976f3251bfd99371fe0ecdb100d"
    },
    {
      "path": ".claude/skills/final-review/SKILL.md",
      "target": "claude-workflow-skills",
      "templateId": "targets/claude-workflow-skills/final-review@1",
      "sha256": "1096fe236c623cae5c6b4bb473198815f129cc4524850705d3a1740ce03c3a58"
    },
    {
      "path": ".claude/skills/sdd-change/SKILL.md",
      "target": "claude-workflow-skills",
      "templateId": "targets/claude-workflow-skills/sdd-change@1",
      "sha256": "467a3b6dc751857690d8a0bad6270b15178139cf6d43de2b3d9c42daf6fcd84f"
    },
    {
      "path": ".claude/skills/tdd-change/SKILL.md",
      "target": "claude-workflow-skills",
      "templateId": "targets/claude-workflow-skills/tdd-change@2",
      "sha256": "a42dbafdfe8e24a29ed67d5c8d9204bcf9aab4708d4d87a23ea2007201e8eae5"
    },
    {
      "path": ".codex/config.toml",
      "target": "codex-config",
      "templateId": "targets/codex-config@1",
      "sha256": "bc56f102dbd5552e5932703e7dd722c70ca8f6435d82302fc9f7139e0168361a"
    },
    {
      "path": ".mcp.json",
      "target": "claude-mcp",
      "templateId": "targets/claude-mcp@1",
      "sha256": "d8e397af03b5b032f21d0aa967086f0c78b33c87b76f2e9898ae0a144df7de02"
    },
    {
      "path": ".tabnine/guidelines/00-general-agent-behavior.md",
      "target": "tabnine-guidelines",
      "templateId": "targets/tabnine-guidelines/00-general-agent-behavior@1",
      "sha256": "37126db368a5cb2885a2e2b6237d3b58fd4106af6ced17a967740d481286c406"
    },
    {
      "path": ".tabnine/guidelines/10-sdd-workflow.md",
      "target": "tabnine-guidelines",
      "templateId": "targets/tabnine-guidelines/10-sdd-workflow@1",
      "sha256": "dba3715255f59b948d91e85c4382e06b377ff5807076f0445fa4af2409462baf"
    },
    {
      "path": ".tabnine/guidelines/20-tdd-workflow.md",
      "target": "tabnine-guidelines",
      "templateId": "targets/tabnine-guidelines/20-tdd-workflow@1",
      "sha256": "1fc63d3a983d9b9150bdab1c28f5dc68535b1a9d4d5c268c511cf65020444cfb"
    },
    {
      "path": ".tabnine/guidelines/80-documentation.md",
      "target": "tabnine-guidelines",
      "templateId": "targets/tabnine-guidelines/80-documentation@1",
      "sha256": "50cacf11898967e32e0415fd05ea565f1eb8f9f9a3796738d9aff14b78879bd6"
    },
    {
      "path": ".tabnine/guidelines/90-final-review.md",
      "target": "tabnine-guidelines",
      "templateId": "targets/tabnine-guidelines/90-final-review@1",
      "sha256": "e4e0c30dd9d8c5547aee600157b98ac5a8fa4a396b74990502d008294f543b10"
    },
    {
      "path": ".tabnine/mcp_servers.json",
      "target": "tabnine-mcp-config",
      "templateId": "targets/tabnine-mcp-config@1",
      "sha256": "d8e397af03b5b032f21d0aa967086f0c78b33c87b76f2e9898ae0a144df7de02"
    },
    {
      "path": "AGENTS.md",
      "target": "agents-md",
      "templateId": "targets/agents-md@1",
      "sha256": "73b724393c353465ff77dbc1189cf6991453af457f6665821e623f2392d33b7a"
    },
    {
      "path": "CLAUDE.md",
      "target": "claude-md",
      "templateId": "targets/claude-md@1",
      "sha256": "96ca6e86dedf2ccc2b797f15d66011ce52d791704daf0d711078f4dc7fc3ac8c"
    }
  ]
}
