{
  "version": 2,
  "profile": {
    "path": "ai-profile.yaml",
    "schemaVersion": 1,
    "sha256": "e5f74b3c6a801f0f68b5929c44384383538bfcbd7e53c38d0426eea9e4a1fd24"
  },
  "compiler": {
    "name": "agent-profile",
    "version": "0.1.0"
  },
  "templates": [
    {
      "id": "targets/agents-md/86-logging-guidance@1",
      "target": "agents-md",
      "version": "1",
      "sha256": "30fe75d5db4bdf528dfeff43aeba8fa388834cf1697e5c44baad216f5ec27a19"
    },
    {
      "id": "targets/agents-md@1",
      "target": "agents-md",
      "version": "1",
      "sha256": "c52d14fb8b0885e360bb254002aeb236c48b8d6845125e2c95a967ddeff08d0a"
    },
    {
      "id": "targets/claude-mcp@1",
      "target": "claude-mcp",
      "version": "1",
      "sha256": "d8e397af03b5b032f21d0aa967086f0c78b33c87b76f2e9898ae0a144df7de02"
    },
    {
      "id": "targets/claude-md@1",
      "target": "claude-md",
      "version": "1",
      "sha256": "d504d42408f60436884ed08a55865c43aa0185274ad08e84c306c024ac80a969"
    },
    {
      "id": "targets/claude-settings@1",
      "target": "claude-settings",
      "version": "1",
      "sha256": "5d4ef8e2885f29959de09a6764e6b28af594d976f3251bfd99371fe0ecdb100d"
    },
    {
      "id": "targets/claude-subagents/code-quality-reviewer@1",
      "target": "claude-subagents",
      "version": "1",
      "sha256": "0b54a95f8d92f7623461cdb1f45579b8dd1956b958daa612d30da0f2eed4700b"
    },
    {
      "id": "targets/claude-subagents/implementer@1",
      "target": "claude-subagents",
      "version": "1",
      "sha256": "42d995ad73b5629b27fff0d50ff735e484e5278ce3a57027a7653a171e1cb3cb"
    },
    {
      "id": "targets/claude-subagents/spec-reviewer@1",
      "target": "claude-subagents",
      "version": "1",
      "sha256": "9361040d080b5dd1d6a143718bd61987a3b0b12f8e682ba8d70b793a5c83e3c1"
    },
    {
      "id": "targets/claude-workflow-skills/final-review@1",
      "target": "claude-workflow-skills",
      "version": "1",
      "sha256": "1096fe236c623cae5c6b4bb473198815f129cc4524850705d3a1740ce03c3a58"
    },
    {
      "id": "targets/claude-workflow-skills/grill-change@1",
      "target": "claude-workflow-skills",
      "version": "1",
      "sha256": "cc27328e7edc401557cceeaa246f7db37b03b03fba336ea17d2c4d54b4c4e899"
    },
    {
      "id": "targets/claude-workflow-skills/implement-next@1",
      "target": "claude-workflow-skills",
      "version": "1",
      "sha256": "c1790e14b86ab7dd28c84fbeda7f5c93998bc87592f21b683646fc0ef26ffa3c"
    },
    {
      "id": "targets/claude-workflow-skills/request-to-spec-issues@1",
      "target": "claude-workflow-skills",
      "version": "1",
      "sha256": "fb04b47a6c1705c16e856f465e8d7c2f8bd4743e7b489b74d35283e8d7069845"
    },
    {
      "id": "targets/claude-workflow-skills/sdd-change@1",
      "target": "claude-workflow-skills",
      "version": "1",
      "sha256": "467a3b6dc751857690d8a0bad6270b15178139cf6d43de2b3d9c42daf6fcd84f"
    },
    {
      "id": "targets/claude-workflow-skills/subagent-driven-change@1",
      "target": "claude-workflow-skills",
      "version": "1",
      "sha256": "46464260fd55da468417635fe848fa593a69b2642a5fa8bb4f9b8853812d8418"
    },
    {
      "id": "targets/claude-workflow-skills/tdd-change@2",
      "target": "claude-workflow-skills",
      "version": "1",
      "sha256": "871dce54837187461c16132ed8681dc547b2d7e3d5fb9f4947f5cc55d90d08fe"
    },
    {
      "id": "targets/codex-config@1",
      "target": "codex-config",
      "version": "1",
      "sha256": "bc56f102dbd5552e5932703e7dd722c70ca8f6435d82302fc9f7139e0168361a"
    },
    {
      "id": "targets/codex-subagents/code-quality-reviewer@1",
      "target": "codex-subagents",
      "version": "1",
      "sha256": "3cd1fa28adae5dd2a14eebac299fca00241fedb8491624911a26ed8ce50ce878"
    },
    {
      "id": "targets/codex-subagents/implementer@1",
      "target": "codex-subagents",
      "version": "1",
      "sha256": "7fc2376e44af017fa291cfd6317de7bc37c511b5d68569cb419011ac166e1719"
    },
    {
      "id": "targets/codex-subagents/spec-reviewer@1",
      "target": "codex-subagents",
      "version": "1",
      "sha256": "7cdd50e9536763586b70e245ffcfd7f6992975c3b8cc151461327d8d78d0ec5e"
    },
    {
      "id": "targets/codex-workflow-skills/final-review@1",
      "target": "codex-workflow-skills",
      "version": "1",
      "sha256": "1096fe236c623cae5c6b4bb473198815f129cc4524850705d3a1740ce03c3a58"
    },
    {
      "id": "targets/codex-workflow-skills/grill-change@1",
      "target": "codex-workflow-skills",
      "version": "1",
      "sha256": "1dec73131d8e8519353e35478d5eab5e7b7d417ae7cd6ae689c4007f52580800"
    },
    {
      "id": "targets/codex-workflow-skills/implement-next@1",
      "target": "codex-workflow-skills",
      "version": "1",
      "sha256": "3f0b274bdd8e05f01a8f5d3402a2097fc950463bcabda18319627f350c19bfed"
    },
    {
      "id": "targets/codex-workflow-skills/request-to-spec-issues@1",
      "target": "codex-workflow-skills",
      "version": "1",
      "sha256": "6d5e741a4e667c948d9f8e70d8d39757df7a96139466a44f4dfd974eebf5f73a"
    },
    {
      "id": "targets/codex-workflow-skills/sdd-change@1",
      "target": "codex-workflow-skills",
      "version": "1",
      "sha256": "467a3b6dc751857690d8a0bad6270b15178139cf6d43de2b3d9c42daf6fcd84f"
    },
    {
      "id": "targets/codex-workflow-skills/subagent-driven-change@1",
      "target": "codex-workflow-skills",
      "version": "1",
      "sha256": "46464260fd55da468417635fe848fa593a69b2642a5fa8bb4f9b8853812d8418"
    },
    {
      "id": "targets/codex-workflow-skills/tdd-change@2",
      "target": "codex-workflow-skills",
      "version": "1",
      "sha256": "871dce54837187461c16132ed8681dc547b2d7e3d5fb9f4947f5cc55d90d08fe"
    }
  ],
  "outputs": [
    {
      "path": ".agents/skills/final-review/SKILL.md",
      "target": "codex-workflow-skills",
      "templateId": "targets/codex-workflow-skills/final-review@1",
      "ownership": "generated-owned",
      "sha256": "55341abcb650a78fa927ea5e55489ad7adb6010ff743489ee0682903741c49e4"
    },
    {
      "path": ".agents/skills/grill-change/SKILL.md",
      "target": "codex-workflow-skills",
      "templateId": "targets/codex-workflow-skills/grill-change@1",
      "ownership": "generated-owned",
      "sha256": "1dec73131d8e8519353e35478d5eab5e7b7d417ae7cd6ae689c4007f52580800"
    },
    {
      "path": ".agents/skills/implement-next/SKILL.md",
      "target": "codex-workflow-skills",
      "templateId": "targets/codex-workflow-skills/implement-next@1",
      "ownership": "generated-owned",
      "sha256": "3f0b274bdd8e05f01a8f5d3402a2097fc950463bcabda18319627f350c19bfed"
    },
    {
      "path": ".agents/skills/request-to-spec-issues/SKILL.md",
      "target": "codex-workflow-skills",
      "templateId": "targets/codex-workflow-skills/request-to-spec-issues@1",
      "ownership": "generated-owned",
      "sha256": "6d5e741a4e667c948d9f8e70d8d39757df7a96139466a44f4dfd974eebf5f73a"
    },
    {
      "path": ".agents/skills/sdd-change/SKILL.md",
      "target": "codex-workflow-skills",
      "templateId": "targets/codex-workflow-skills/sdd-change@1",
      "ownership": "generated-owned",
      "sha256": "467a3b6dc751857690d8a0bad6270b15178139cf6d43de2b3d9c42daf6fcd84f"
    },
    {
      "path": ".agents/skills/subagent-driven-change/SKILL.md",
      "target": "codex-workflow-skills",
      "templateId": "targets/codex-workflow-skills/subagent-driven-change@1",
      "ownership": "generated-owned",
      "sha256": "46464260fd55da468417635fe848fa593a69b2642a5fa8bb4f9b8853812d8418"
    },
    {
      "path": ".agents/skills/tdd-change/SKILL.md",
      "target": "codex-workflow-skills",
      "templateId": "targets/codex-workflow-skills/tdd-change@2",
      "ownership": "generated-owned",
      "sha256": "871dce54837187461c16132ed8681dc547b2d7e3d5fb9f4947f5cc55d90d08fe"
    },
    {
      "path": ".claude/agents/code-quality-reviewer.md",
      "target": "claude-subagents",
      "templateId": "targets/claude-subagents/code-quality-reviewer@1",
      "ownership": "generated-owned",
      "sha256": "78a582bccd82a6144ff9fc72b80c4d7073dab75791486bf0bdf7e28a67e777b6"
    },
    {
      "path": ".claude/agents/implementer.md",
      "target": "claude-subagents",
      "templateId": "targets/claude-subagents/implementer@1",
      "ownership": "generated-owned",
      "sha256": "d5a55d8e0167d1bc23c6b1b1ba90152432a1714d413d3edcc26a580ea03848f0"
    },
    {
      "path": ".claude/agents/spec-reviewer.md",
      "target": "claude-subagents",
      "templateId": "targets/claude-subagents/spec-reviewer@1",
      "ownership": "generated-owned",
      "sha256": "9361040d080b5dd1d6a143718bd61987a3b0b12f8e682ba8d70b793a5c83e3c1"
    },
    {
      "path": ".claude/settings.json",
      "target": "claude-settings",
      "templateId": "targets/claude-settings@1",
      "ownership": "generated-owned",
      "sha256": "5d4ef8e2885f29959de09a6764e6b28af594d976f3251bfd99371fe0ecdb100d"
    },
    {
      "path": ".claude/skills/final-review/SKILL.md",
      "target": "claude-workflow-skills",
      "templateId": "targets/claude-workflow-skills/final-review@1",
      "ownership": "generated-owned",
      "sha256": "55341abcb650a78fa927ea5e55489ad7adb6010ff743489ee0682903741c49e4"
    },
    {
      "path": ".claude/skills/grill-change/SKILL.md",
      "target": "claude-workflow-skills",
      "templateId": "targets/claude-workflow-skills/grill-change@1",
      "ownership": "generated-owned",
      "sha256": "cc27328e7edc401557cceeaa246f7db37b03b03fba336ea17d2c4d54b4c4e899"
    },
    {
      "path": ".claude/skills/implement-next/SKILL.md",
      "target": "claude-workflow-skills",
      "templateId": "targets/claude-workflow-skills/implement-next@1",
      "ownership": "generated-owned",
      "sha256": "c1790e14b86ab7dd28c84fbeda7f5c93998bc87592f21b683646fc0ef26ffa3c"
    },
    {
      "path": ".claude/skills/request-to-spec-issues/SKILL.md",
      "target": "claude-workflow-skills",
      "templateId": "targets/claude-workflow-skills/request-to-spec-issues@1",
      "ownership": "generated-owned",
      "sha256": "fb04b47a6c1705c16e856f465e8d7c2f8bd4743e7b489b74d35283e8d7069845"
    },
    {
      "path": ".claude/skills/sdd-change/SKILL.md",
      "target": "claude-workflow-skills",
      "templateId": "targets/claude-workflow-skills/sdd-change@1",
      "ownership": "generated-owned",
      "sha256": "467a3b6dc751857690d8a0bad6270b15178139cf6d43de2b3d9c42daf6fcd84f"
    },
    {
      "path": ".claude/skills/subagent-driven-change/SKILL.md",
      "target": "claude-workflow-skills",
      "templateId": "targets/claude-workflow-skills/subagent-driven-change@1",
      "ownership": "generated-owned",
      "sha256": "46464260fd55da468417635fe848fa593a69b2642a5fa8bb4f9b8853812d8418"
    },
    {
      "path": ".claude/skills/tdd-change/SKILL.md",
      "target": "claude-workflow-skills",
      "templateId": "targets/claude-workflow-skills/tdd-change@2",
      "ownership": "generated-owned",
      "sha256": "871dce54837187461c16132ed8681dc547b2d7e3d5fb9f4947f5cc55d90d08fe"
    },
    {
      "path": ".codex/agents/code-quality-reviewer.toml",
      "target": "codex-subagents",
      "templateId": "targets/codex-subagents/code-quality-reviewer@1",
      "ownership": "generated-owned",
      "sha256": "933dfe1b72c4c892f4e4ac2d2a81f34f20bfb29a58b48356d43f4410135a13aa"
    },
    {
      "path": ".codex/agents/implementer.toml",
      "target": "codex-subagents",
      "templateId": "targets/codex-subagents/implementer@1",
      "ownership": "generated-owned",
      "sha256": "47bc87424ce2d5cc8c8fd952f1841f76b933b9aa0e2dcb2bb600e5c363e9dded"
    },
    {
      "path": ".codex/agents/spec-reviewer.toml",
      "target": "codex-subagents",
      "templateId": "targets/codex-subagents/spec-reviewer@1",
      "ownership": "generated-owned",
      "sha256": "7cdd50e9536763586b70e245ffcfd7f6992975c3b8cc151461327d8d78d0ec5e"
    },
    {
      "path": ".codex/config.toml",
      "target": "codex-config",
      "templateId": "targets/codex-config@1",
      "ownership": "generated-owned",
      "sha256": "8dc0b7b0bd953c75dc37f165061e3f5369d370540870a5496a53e45b7d77186b"
    },
    {
      "path": ".mcp.json",
      "target": "claude-mcp",
      "templateId": "targets/claude-mcp@1",
      "ownership": "generated-owned",
      "sha256": "d8e397af03b5b032f21d0aa967086f0c78b33c87b76f2e9898ae0a144df7de02"
    },
    {
      "path": "AGENTS.md",
      "target": "agents-md",
      "templateId": "targets/agents-md@1",
      "ownership": "generated-owned",
      "sha256": "d32693769660ed77386c23e4f44c9b8aeac8ada5ee142aed687d7625978cab94"
    },
    {
      "path": "CLAUDE.md",
      "target": "claude-md",
      "templateId": "targets/claude-md@1",
      "ownership": "generated-owned",
      "sha256": "d504d42408f60436884ed08a55865c43aa0185274ad08e84c306c024ac80a969"
    }
  ]
}
